
Microsoft Visual Studio Solution File, Format Version 12.00
# Visual Studio Version 16
VisualStudioVersion = 16.0.29009.5
MinimumVisualStudioVersion = 10.0.40219.1
Project("{FAE04EC0-301F-11D3-BF4B-00C04F79EFBC}") = "Tsaika_Clients", "Tsaika_Clients.csproj", "{695C47C8-7A4D-4AC5-B4DD-E6D12CAA333D}"
EndProject
Global
	GlobalSection(SolutionConfigurationPlatforms) = preSolution
		Debug|Any CPU = Debug|Any CPU
		Release|Any CPU = Release|Any CPU
	EndGlobalSection
	GlobalSection(ProjectConfigurationPlatforms) = postSolution
		{695C47C8-7A4D-4AC5-B4DD-E6D12CAA333D}.Debug|Any CPU.ActiveCfg = Debug|Any CPU
		{695C47C8-7A4D-4AC5-B4DD-E6D12CAA333D}.Debug|Any CPU.Build.0 = Debug|Any CPU
		{695C47C8-7A4D-4AC5-B4DD-E6D12CAA333D}.Release|Any CPU.ActiveCfg = Release|Any CPU
		{695C47C8-7A4D-4AC5-B4DD-E6D12CAA333D}.Release|Any CPU.Build.0 = Release|Any CPU
	EndGlobalSection
	GlobalSection(SolutionProperties) = preSolution
		HideSolutionNode = FALSE
	EndGlobalSection
	GlobalSection(ExtensibilityGlobals) = postSolution
		SolutionGuid = {6B5C1DBA-8D10-49C8-B7EE-9A8BEB5D6FDB}
	EndGlobalSection
EndGlobal
